PODS:
  - UITestHelper (0.3.0):
    - UITestHelper/Core (= 0.3.0)
  - UITestHelper/App (0.3.0)
  - UITestHelper/Core (0.3.0)

DEPENDENCIES:
  - UITestHelper (from `./`)
  - UITestHelper/App (from `./`)

EXTERNAL SOURCES:
  UITestHelper:
    :path: ./

SPEC CHECKSUMS:
  UITestHelper: 57e1d4608eaaf73c11f10aad5928f4ee8679ef8f

PODFILE CHECKSUM: 6ab9d8a6918a6b41f991aa0fe58b967d580da252

COCOAPODS: 1.3.1
